
Microsoft Visual Studio Solution File, Format Version 12.00
# Visual Studio 15
VisualStudioVersion = 15.0.28307.271
MinimumVisualStudioVersion = 10.0.40219.1
Project("{2150E333-8FDC-42A3-9474-1A3956D46DE8}") = "1.UI", "1.UI", "{277BD2DF-1F1B-4AE4-B62D-E468152C541B}"
EndProject
Project("{2150E333-8FDC-42A3-9474-1A3956D46DE8}") = "2.Application", "2.Application", "{015E45BF-39C7-4C8B-A840-202B123309CA}"
EndProject
Project("{2150E333-8FDC-42A3-9474-1A3956D46DE8}") = "3.Repository", "3.Repository", "{CB281736-0527-4E42-8A83-16FA8CBF8E5C}"
EndProject
Project("{2150E333-8FDC-42A3-9474-1A3956D46DE8}") = "4.Entity", "4.Entity", "{A7A5023C-DFA7-4802-BF94-947EF9CB5F0E}"
EndProject
Project("{2150E333-8FDC-42A3-9474-1A3956D46DE8}") = "5.Infrastructure", "5.Infrastructure", "{344BA02B-5240-470B-A48A-A95C253C97F8}"
EndProject
Project("{2150E333-8FDC-42A3-9474-1A3956D46DE8}") = "6.Test", "6.Test", "{427AAAB4-AD58-4FA2-8A67-9B7646764A9D}"
EndProject
Project("{9A19103F-16F7-4668-BE54-9A1E7A4F7556}") = "CMS.Admin", "1.UI\CMS.Admin\CMS.Admin.csproj", "{D5E4727E-C787-4594-B4D7-A9639044760F}"
EndProject
Project("{FAE04EC0-301F-11D3-BF4B-00C04F79EFBC}") = "CMS.Site", "1.UI\CMS.Site\CMS.Site.csproj", "{F6F891CA-1B84-42CA-8CEF-257346D309A7}"
EndProject
Project("{FAE04EC0-301F-11D3-BF4B-00C04F79EFBC}") = "CMS.IServices", "2.Application\CMS.IServices\CMS.IServices.csproj", "{08DDB1C4-80FA-4F6B-B9E1-4C342C70481D}"
EndProject
Project("{FAE04EC0-301F-11D3-BF4B-00C04F79EFBC}") = "CMS.Services", "2.Application\CMS.Services\CMS.Services.csproj", "{A448F493-ECB9-4534-AC84-A0C6DF756EE3}"
EndProject
Project("{FAE04EC0-301F-11D3-BF4B-00C04F79EFBC}") = "CMS.IRepository", "3.Repository\CMS.IRepository\CMS.IRepository.csproj", "{B3FB48FA-DB77-4115-8DE9-DB05220DEDE2}"
EndProject
Project("{FAE04EC0-301F-11D3-BF4B-00C04F79EFBC}") = "CMS.Repository.SqlServer", "3.Repository\CMS.Repository.SqlServer\CMS.Repository.SqlServer.csproj", "{D226B484-290F-415D-81D8-8A0019B32F73}"
EndProject
Project("{FAE04EC0-301F-11D3-BF4B-00C04F79EFBC}") = "CMS.Models", "4.Entity\CMS.Models\CMS.Models.csproj", "{EF40A6EE-51E9-4EFE-802F-469D51E2FF53}"
EndProject
Project("{FAE04EC0-301F-11D3-BF4B-00C04F79EFBC}") = "CMS.ViewModels", "4.Entity\CMS.ViewModels\CMS.ViewModels.csproj", "{ED2458AC-D226-42E2-9EFC-2EA3CF2484EC}"
EndProject
Project("{FAE04EC0-301F-11D3-BF4B-00C04F79EFBC}") = "CMS.Core", "5.Infrastructure\CMS.Core\CMS.Core.csproj", "{2E5785AD-1FBA-45BC-9893-9EFFF5B22DC6}"
EndProject
Project("{FAE04EC0-301F-11D3-BF4B-00C04F79EFBC}") = "CMS.Test", "6.Test\CMS.Test\CMS.Test.csproj", "{75CE2EB4-E312-45FB-AB1E-28CBFF302E8C}"
EndProject
Global
	GlobalSection(SolutionConfigurationPlatforms) = preSolution
		Debug|Any CPU = Debug|Any CPU
		Release|Any CPU = Release|Any CPU
	EndGlobalSection
	GlobalSection(ProjectConfigurationPlatforms) = postSolution
		{D5E4727E-C787-4594-B4D7-A9639044760F}.Debug|Any CPU.ActiveCfg = Debug|Any CPU
		{D5E4727E-C787-4594-B4D7-A9639044760F}.Debug|Any CPU.Build.0 = Debug|Any CPU
		{D5E4727E-C787-4594-B4D7-A9639044760F}.Release|Any CPU.ActiveCfg = Release|Any CPU
		{D5E4727E-C787-4594-B4D7-A9639044760F}.Release|Any CPU.Build.0 = Release|Any CPU
		{F6F891CA-1B84-42CA-8CEF-257346D309A7}.Debug|Any CPU.ActiveCfg = Debug|Any CPU
		{F6F891CA-1B84-42CA-8CEF-257346D309A7}.Debug|Any CPU.Build.0 = Debug|Any CPU
		{F6F891CA-1B84-42CA-8CEF-257346D309A7}.Release|Any CPU.ActiveCfg = Release|Any CPU
		{F6F891CA-1B84-42CA-8CEF-257346D309A7}.Release|Any CPU.Build.0 = Release|Any CPU
		{08DDB1C4-80FA-4F6B-B9E1-4C342C70481D}.Debug|Any CPU.ActiveCfg = Debug|Any CPU
		{08DDB1C4-80FA-4F6B-B9E1-4C342C70481D}.Debug|Any CPU.Build.0 = Debug|Any CPU
		{08DDB1C4-80FA-4F6B-B9E1-4C342C70481D}.Release|Any CPU.ActiveCfg = Release|Any CPU
		{08DDB1C4-80FA-4F6B-B9E1-4C342C70481D}.Release|Any CPU.Build.0 = Release|Any CPU
		{A448F493-ECB9-4534-AC84-A0C6DF756EE3}.Debug|Any CPU.ActiveCfg = Debug|Any CPU
		{A448F493-ECB9-4534-AC84-A0C6DF756EE3}.Debug|Any CPU.Build.0 = Debug|Any CPU
		{A448F493-ECB9-4534-AC84-A0C6DF756EE3}.Release|Any CPU.ActiveCfg = Release|Any CPU
		{A448F493-ECB9-4534-AC84-A0C6DF756EE3}.Release|Any CPU.Build.0 = Release|Any CPU
		{B3FB48FA-DB77-4115-8DE9-DB05220DEDE2}.Debug|Any CPU.ActiveCfg = Debug|Any CPU
		{B3FB48FA-DB77-4115-8DE9-DB05220DEDE2}.Debug|Any CPU.Build.0 = Debug|Any CPU
		{B3FB48FA-DB77-4115-8DE9-DB05220DEDE2}.Release|Any CPU.ActiveCfg = Release|Any CPU
		{B3FB48FA-DB77-4115-8DE9-DB05220DEDE2}.Release|Any CPU.Build.0 = Release|Any CPU
		{D226B484-290F-415D-81D8-8A0019B32F73}.Debug|Any CPU.ActiveCfg = Debug|Any CPU
		{D226B484-290F-415D-81D8-8A0019B32F73}.Debug|Any CPU.Build.0 = Debug|Any CPU
		{D226B484-290F-415D-81D8-8A0019B32F73}.Release|Any CPU.ActiveCfg = Release|Any CPU
		{D226B484-290F-415D-81D8-8A0019B32F73}.Release|Any CPU.Build.0 = Release|Any CPU
		{EF40A6EE-51E9-4EFE-802F-469D51E2FF53}.Debug|Any CPU.ActiveCfg = Debug|Any CPU
		{EF40A6EE-51E9-4EFE-802F-469D51E2FF53}.Debug|Any CPU.Build.0 = Debug|Any CPU
		{EF40A6EE-51E9-4EFE-802F-469D51E2FF53}.Release|Any CPU.ActiveCfg = Release|Any CPU
		{EF40A6EE-51E9-4EFE-802F-469D51E2FF53}.Release|Any CPU.Build.0 = Release|Any CPU
		{ED2458AC-D226-42E2-9EFC-2EA3CF2484EC}.Debug|Any CPU.ActiveCfg = Debug|Any CPU
		{ED2458AC-D226-42E2-9EFC-2EA3CF2484EC}.Debug|Any CPU.Build.0 = Debug|Any CPU
		{ED2458AC-D226-42E2-9EFC-2EA3CF2484EC}.Release|Any CPU.ActiveCfg = Release|Any CPU
		{ED2458AC-D226-42E2-9EFC-2EA3CF2484EC}.Release|Any CPU.Build.0 = Release|Any CPU
		{2E5785AD-1FBA-45BC-9893-9EFFF5B22DC6}.Debug|Any CPU.ActiveCfg = Debug|Any CPU
		{2E5785AD-1FBA-45BC-9893-9EFFF5B22DC6}.Debug|Any CPU.Build.0 = Debug|Any CPU
		{2E5785AD-1FBA-45BC-9893-9EFFF5B22DC6}.Release|Any CPU.ActiveCfg = Release|Any CPU
		{2E5785AD-1FBA-45BC-9893-9EFFF5B22DC6}.Release|Any CPU.Build.0 = Release|Any CPU
		{75CE2EB4-E312-45FB-AB1E-28CBFF302E8C}.Debug|Any CPU.ActiveCfg = Debug|Any CPU
		{75CE2EB4-E312-45FB-AB1E-28CBFF302E8C}.Debug|Any CPU.Build.0 = Debug|Any CPU
		{75CE2EB4-E312-45FB-AB1E-28CBFF302E8C}.Release|Any CPU.ActiveCfg = Release|Any CPU
		{75CE2EB4-E312-45FB-AB1E-28CBFF302E8C}.Release|Any CPU.Build.0 = Release|Any CPU
	EndGlobalSection
	GlobalSection(SolutionProperties) = preSolution
		HideSolutionNode = FALSE
	EndGlobalSection
	GlobalSection(NestedProjects) = preSolution
		{D5E4727E-C787-4594-B4D7-A9639044760F} = {277BD2DF-1F1B-4AE4-B62D-E468152C541B}
		{F6F891CA-1B84-42CA-8CEF-257346D309A7} = {277BD2DF-1F1B-4AE4-B62D-E468152C541B}
		{08DDB1C4-80FA-4F6B-B9E1-4C342C70481D} = {015E45BF-39C7-4C8B-A840-202B123309CA}
		{A448F493-ECB9-4534-AC84-A0C6DF756EE3} = {015E45BF-39C7-4C8B-A840-202B123309CA}
		{B3FB48FA-DB77-4115-8DE9-DB05220DEDE2} = {CB281736-0527-4E42-8A83-16FA8CBF8E5C}
		{D226B484-290F-415D-81D8-8A0019B32F73} = {CB281736-0527-4E42-8A83-16FA8CBF8E5C}
		{EF40A6EE-51E9-4EFE-802F-469D51E2FF53} = {A7A5023C-DFA7-4802-BF94-947EF9CB5F0E}
		{ED2458AC-D226-42E2-9EFC-2EA3CF2484EC} = {A7A5023C-DFA7-4802-BF94-947EF9CB5F0E}
		{2E5785AD-1FBA-45BC-9893-9EFFF5B22DC6} = {344BA02B-5240-470B-A48A-A95C253C97F8}
		{75CE2EB4-E312-45FB-AB1E-28CBFF302E8C} = {427AAAB4-AD58-4FA2-8A67-9B7646764A9D}
	EndGlobalSection
	GlobalSection(ExtensibilityGlobals) = postSolution
		SolutionGuid = {9104F603-47D6-42D8-881D-5BAD5594326D}
	EndGlobalSection
EndGlobal
